
Microsoft Visual Studio Solution File, Format Version 12.00
# Visual Studio Version 16
VisualStudioVersion = 16.0.29609.76
MinimumVisualStudioVersion = 10.0.40219.1
Project("{FAE04EC0-301F-11D3-BF4B-00C04F79EFBC}") = "Laba_OS_VirtualMemory", "Laba_OS_VirtualMemory\Laba_OS_VirtualMemory.csproj", "{0A413141-8FC5-4047-8CEC-6514DE66359D}"
EndProject
Global
	GlobalSection(SolutionConfigurationPlatforms) = preSolution
		Debug|Any CPU = Debug|Any CPU
		Release|Any CPU = Release|Any CPU
	EndGlobalSection
	GlobalSection(ProjectConfigurationPlatforms) = postSolution
		{0A413141-8FC5-4047-8CEC-6514DE66359D}.Debug|Any CPU.ActiveCfg = Debug|Any CPU
		{0A413141-8FC5-4047-8CEC-6514DE66359D}.Debug|Any CPU.Build.0 = Debug|Any CPU
		{0A413141-8FC5-4047-8CEC-6514DE66359D}.Release|Any CPU.ActiveCfg = Release|Any CPU
		{0A413141-8FC5-4047-8CEC-6514DE66359D}.Release|Any CPU.Build.0 = Release|Any CPU
	EndGlobalSection
	GlobalSection(SolutionProperties) = preSolution
		HideSolutionNode = FALSE
	EndGlobalSection
	GlobalSection(ExtensibilityGlobals) = postSolution
		SolutionGuid = {7853D584-AAB6-4404-A780-92A1A109126F}
	EndGlobalSection
EndGlobal
